
Microsoft Visual Studio Solution File, Format Version 12.00
# Visual Studio Version 17
VisualStudioVersion = 17.9.34902.65
MinimumVisualStudioVersion = 10.0.40219.1
Project("{FAE04EC0-301F-11D3-BF4B-00C04F79EFBC}") = "AreaApplication", "AreaApplication\AreaApplication.csproj", "{AB6FBC0A-6A69-495E-BEA1-9D93D8304048}"
EndProject
Global
	GlobalSection(SolutionConfigurationPlatforms) = preSolution
		Debug|Any CPU = Debug|Any CPU
		Release|Any CPU = Release|Any CPU
	EndGlobalSection
	GlobalSection(ProjectConfigurationPlatforms) = postSolution
		{AB6FBC0A-6A69-495E-BEA1-9D93D8304048}.Debug|Any CPU.ActiveCfg = Debug|Any CPU
		{AB6FBC0A-6A69-495E-BEA1-9D93D8304048}.Debug|Any CPU.Build.0 = Debug|Any CPU
		{AB6FBC0A-6A69-495E-BEA1-9D93D8304048}.Release|Any CPU.ActiveCfg = Release|Any CPU
		{AB6FBC0A-6A69-495E-BEA1-9D93D8304048}.Release|Any CPU.Build.0 = Release|Any CPU
	EndGlobalSection
	GlobalSection(SolutionProperties) = preSolution
		HideSolutionNode = FALSE
	EndGlobalSection
	GlobalSection(ExtensibilityGlobals) = postSolution
		SolutionGuid = {7EACF34D-4615-4AA5-B513-1829E7F298AD}
	EndGlobalSection
EndGlobal
