
Microsoft Visual Studio Solution File, Format Version 12.00
# Visual Studio Version 17
VisualStudioVersion = 17.8.34511.84
MinimumVisualStudioVersion = 10.0.40219.1
Project("{9A19103F-16F7-4668-BE54-9A1E7A4F7556}") = "DemoAPi", "DemoAPi\DemoAPi.csproj", "{CBFD5D58-C188-470C-90B3-20B6D6AA26C2}"
EndProject
Global
	GlobalSection(SolutionConfigurationPlatforms) = preSolution
		Debug|Any CPU = Debug|Any CPU
		Release|Any CPU = Release|Any CPU
	EndGlobalSection
	GlobalSection(ProjectConfigurationPlatforms) = postSolution
		{CBFD5D58-C188-470C-90B3-20B6D6AA26C2}.Debug|Any CPU.ActiveCfg = Debug|Any CPU
		{CBFD5D58-C188-470C-90B3-20B6D6AA26C2}.Debug|Any CPU.Build.0 = Debug|Any CPU
		{CBFD5D58-C188-470C-90B3-20B6D6AA26C2}.Release|Any CPU.ActiveCfg = Release|Any CPU
		{CBFD5D58-C188-470C-90B3-20B6D6AA26C2}.Release|Any CPU.Build.0 = Release|Any CPU
	EndGlobalSection
	GlobalSection(SolutionProperties) = preSolution
		HideSolutionNode = FALSE
	EndGlobalSection
	GlobalSection(ExtensibilityGlobals) = postSolution
		SolutionGuid = {437AF6CF-D736-4301-922E-E275F1B9ACB8}
	EndGlobalSection
EndGlobal
