
Microsoft Visual Studio Solution File, Format Version 12.00
# Visual Studio Version 17
VisualStudioVersion = 17.9.34902.65
MinimumVisualStudioVersion = 10.0.40219.1
Project("{FAE04EC0-301F-11D3-BF4B-00C04F79EFBC}") = "Imagggg", "Imagggg\Imagggg.csproj", "{51FFDAEE-DB49-4C11-8A4E-CEA1CB02519E}"
EndProject
Global
	GlobalSection(SolutionConfigurationPlatforms) = preSolution
		Debug|Any CPU = Debug|Any CPU
		Release|Any CPU = Release|Any CPU
	EndGlobalSection
	GlobalSection(ProjectConfigurationPlatforms) = postSolution
		{51FFDAEE-DB49-4C11-8A4E-CEA1CB02519E}.Debug|Any CPU.ActiveCfg = Debug|Any CPU
		{51FFDAEE-DB49-4C11-8A4E-CEA1CB02519E}.Debug|Any CPU.Build.0 = Debug|Any CPU
		{51FFDAEE-DB49-4C11-8A4E-CEA1CB02519E}.Release|Any CPU.ActiveCfg = Release|Any CPU
		{51FFDAEE-DB49-4C11-8A4E-CEA1CB02519E}.Release|Any CPU.Build.0 = Release|Any CPU
	EndGlobalSection
	GlobalSection(SolutionProperties) = preSolution
		HideSolutionNode = FALSE
	EndGlobalSection
	GlobalSection(ExtensibilityGlobals) = postSolution
		SolutionGuid = {837BBB04-76BB-44A5-A158-5AC06F710F0C}
	EndGlobalSection
EndGlobal
