
Microsoft Visual Studio Solution File, Format Version 12.00
# Visual Studio Version 17
VisualStudioVersion = 17.9.34902.65
MinimumVisualStudioVersion = 10.0.40219.1
Project("{FAE04EC0-301F-11D3-BF4B-00C04F79EFBC}") = "CrUDoperation", "CrUDoperation\CrUDoperation.csproj", "{9F557EA3-64C3-4470-9F89-58B3A140E241}"
EndProject
Global
	GlobalSection(SolutionConfigurationPlatforms) = preSolution
		Debug|Any CPU = Debug|Any CPU
		Release|Any CPU = Release|Any CPU
	EndGlobalSection
	GlobalSection(ProjectConfigurationPlatforms) = postSolution
		{9F557EA3-64C3-4470-9F89-58B3A140E241}.Debug|Any CPU.ActiveCfg = Debug|Any CPU
		{9F557EA3-64C3-4470-9F89-58B3A140E241}.Debug|Any CPU.Build.0 = Debug|Any CPU
		{9F557EA3-64C3-4470-9F89-58B3A140E241}.Release|Any CPU.ActiveCfg = Release|Any CPU
		{9F557EA3-64C3-4470-9F89-58B3A140E241}.Release|Any CPU.Build.0 = Release|Any CPU
	EndGlobalSection
	GlobalSection(SolutionProperties) = preSolution
		HideSolutionNode = FALSE
	EndGlobalSection
	GlobalSection(ExtensibilityGlobals) = postSolution
		SolutionGuid = {B89358BC-6D9E-454C-BA59-92ED595B3FEF}
	EndGlobalSection
EndGlobal
