
Microsoft Visual Studio Solution File, Format Version 12.00
# Visual Studio Version 17
VisualStudioVersion = 17.9.34902.65
MinimumVisualStudioVersion = 10.0.40219.1
Project("{FAE04EC0-301F-11D3-BF4B-00C04F79EFBC}") = "FileUploadModule", "FileUploadModule\FileUploadModule.csproj", "{5091FE72-63F5-4BFC-AACA-B06D992E2C59}"
EndProject
Global
	GlobalSection(SolutionConfigurationPlatforms) = preSolution
		Debug|Any CPU = Debug|Any CPU
		Release|Any CPU = Release|Any CPU
	EndGlobalSection
	GlobalSection(ProjectConfigurationPlatforms) = postSolution
		{5091FE72-63F5-4BFC-AACA-B06D992E2C59}.Debug|Any CPU.ActiveCfg = Debug|Any CPU
		{5091FE72-63F5-4BFC-AACA-B06D992E2C59}.Debug|Any CPU.Build.0 = Debug|Any CPU
		{5091FE72-63F5-4BFC-AACA-B06D992E2C59}.Release|Any CPU.ActiveCfg = Release|Any CPU
		{5091FE72-63F5-4BFC-AACA-B06D992E2C59}.Release|Any CPU.Build.0 = Release|Any CPU
	EndGlobalSection
	GlobalSection(SolutionProperties) = preSolution
		HideSolutionNode = FALSE
	EndGlobalSection
	GlobalSection(ExtensibilityGlobals) = postSolution
		SolutionGuid = {0D88F354-2AE9-4819-86CB-3EEB8C8013EA}
	EndGlobalSection
EndGlobal
