
Microsoft Visual Studio Solution File, Format Version 12.00
# Visual Studio Version 17
VisualStudioVersion = 17.8.34511.84
MinimumVisualStudioVersion = 10.0.40219.1
Project("{FAE04EC0-301F-11D3-BF4B-00C04F79EFBC}") = "Billing", "Billing\Billing.csproj", "{05106CA0-7862-405A-9D9C-6562623C0F2F}"
EndProject
Global
	GlobalSection(SolutionConfigurationPlatforms) = preSolution
		Debug|Any CPU = Debug|Any CPU
		Release|Any CPU = Release|Any CPU
	EndGlobalSection
	GlobalSection(ProjectConfigurationPlatforms) = postSolution
		{05106CA0-7862-405A-9D9C-6562623C0F2F}.Debug|Any CPU.ActiveCfg = Debug|Any CPU
		{05106CA0-7862-405A-9D9C-6562623C0F2F}.Debug|Any CPU.Build.0 = Debug|Any CPU
		{05106CA0-7862-405A-9D9C-6562623C0F2F}.Release|Any CPU.ActiveCfg = Release|Any CPU
		{05106CA0-7862-405A-9D9C-6562623C0F2F}.Release|Any CPU.Build.0 = Release|Any CPU
	EndGlobalSection
	GlobalSection(SolutionProperties) = preSolution
		HideSolutionNode = FALSE
	EndGlobalSection
	GlobalSection(ExtensibilityGlobals) = postSolution
		SolutionGuid = {7C152418-DE8C-49F5-A37F-EA0782DC5222}
	EndGlobalSection
EndGlobal
