
Microsoft Visual Studio Solution File, Format Version 12.00
# Visual Studio Version 17
VisualStudioVersion = 17.8.34511.84
MinimumVisualStudioVersion = 10.0.40219.1
Project("{FAE04EC0-301F-11D3-BF4B-00C04F79EFBC}") = "TrackingApi", "TrackingApi\TrackingApi.csproj", "{C773B565-5F6D-4DDE-9935-8B7FE4EE32FF}"
EndProject
Global
	GlobalSection(SolutionConfigurationPlatforms) = preSolution
		Debug|Any CPU = Debug|Any CPU
		Release|Any CPU = Release|Any CPU
	EndGlobalSection
	GlobalSection(ProjectConfigurationPlatforms) = postSolution
		{C773B565-5F6D-4DDE-9935-8B7FE4EE32FF}.Debug|Any CPU.ActiveCfg = Debug|Any CPU
		{C773B565-5F6D-4DDE-9935-8B7FE4EE32FF}.Debug|Any CPU.Build.0 = Debug|Any CPU
		{C773B565-5F6D-4DDE-9935-8B7FE4EE32FF}.Release|Any CPU.ActiveCfg = Release|Any CPU
		{C773B565-5F6D-4DDE-9935-8B7FE4EE32FF}.Release|Any CPU.Build.0 = Release|Any CPU
	EndGlobalSection
	GlobalSection(SolutionProperties) = preSolution
		HideSolutionNode = FALSE
	EndGlobalSection
	GlobalSection(ExtensibilityGlobals) = postSolution
		SolutionGuid = {8AFEE872-44A8-4100-800E-72A00C87806E}
	EndGlobalSection
EndGlobal
