
Microsoft Visual Studio Solution File, Format Version 12.00
# Visual Studio Version 17
VisualStudioVersion = 17.8.34511.84
MinimumVisualStudioVersion = 10.0.40219.1
Project("{FAE04EC0-301F-11D3-BF4B-00C04F79EFBC}") = "DemoWebsite", "DemoWebsite\DemoWebsite.csproj", "{85F08087-0D2D-4430-8168-5A4CE4122F20}"
EndProject
Global
	GlobalSection(SolutionConfigurationPlatforms) = preSolution
		Debug|Any CPU = Debug|Any CPU
		Release|Any CPU = Release|Any CPU
	EndGlobalSection
	GlobalSection(ProjectConfigurationPlatforms) = postSolution
		{85F08087-0D2D-4430-8168-5A4CE4122F20}.Debug|Any CPU.ActiveCfg = Debug|Any CPU
		{85F08087-0D2D-4430-8168-5A4CE4122F20}.Debug|Any CPU.Build.0 = Debug|Any CPU
		{85F08087-0D2D-4430-8168-5A4CE4122F20}.Release|Any CPU.ActiveCfg = Release|Any CPU
		{85F08087-0D2D-4430-8168-5A4CE4122F20}.Release|Any CPU.Build.0 = Release|Any CPU
	EndGlobalSection
	GlobalSection(SolutionProperties) = preSolution
		HideSolutionNode = FALSE
	EndGlobalSection
	GlobalSection(ExtensibilityGlobals) = postSolution
		SolutionGuid = {72AFEA1E-ECBD-443E-B0D8-D7387A2ED447}
	EndGlobalSection
EndGlobal
