
Microsoft Visual Studio Solution File, Format Version 12.00
# Visual Studio Version 17
VisualStudioVersion = 17.8.34511.84
MinimumVisualStudioVersion = 10.0.40219.1
Project("{FAE04EC0-301F-11D3-BF4B-00C04F79EFBC}") = "WebApplication5", "WebApplication5\WebApplication5.csproj", "{6BFEA6ED-5A24-4144-8DB9-A062F051D759}"
EndProject
Global
	GlobalSection(SolutionConfigurationPlatforms) = preSolution
		Debug|Any CPU = Debug|Any CPU
		Release|Any CPU = Release|Any CPU
	EndGlobalSection
	GlobalSection(ProjectConfigurationPlatforms) = postSolution
		{6BFEA6ED-5A24-4144-8DB9-A062F051D759}.Debug|Any CPU.ActiveCfg = Debug|Any CPU
		{6BFEA6ED-5A24-4144-8DB9-A062F051D759}.Debug|Any CPU.Build.0 = Debug|Any CPU
		{6BFEA6ED-5A24-4144-8DB9-A062F051D759}.Release|Any CPU.ActiveCfg = Release|Any CPU
		{6BFEA6ED-5A24-4144-8DB9-A062F051D759}.Release|Any CPU.Build.0 = Release|Any CPU
	EndGlobalSection
	GlobalSection(SolutionProperties) = preSolution
		HideSolutionNode = FALSE
	EndGlobalSection
	GlobalSection(ExtensibilityGlobals) = postSolution
		SolutionGuid = {9B8FBE79-239F-4FFC-9EB4-DD7AB179AE39}
	EndGlobalSection
EndGlobal
