
Microsoft Visual Studio Solution File, Format Version 12.00
# Visual Studio Version 17
VisualStudioVersion = 17.9.34902.65
MinimumVisualStudioVersion = 10.0.40219.1
Project("{FAE04EC0-301F-11D3-BF4B-00C04F79EFBC}") = "UploadFileSystem", "UploadFileSystem\UploadFileSystem.csproj", "{693C3AA6-8502-41CB-8F1D-A5BBE843CABF}"
EndProject
Global
	GlobalSection(SolutionConfigurationPlatforms) = preSolution
		Debug|Any CPU = Debug|Any CPU
		Release|Any CPU = Release|Any CPU
	EndGlobalSection
	GlobalSection(ProjectConfigurationPlatforms) = postSolution
		{693C3AA6-8502-41CB-8F1D-A5BBE843CABF}.Debug|Any CPU.ActiveCfg = Debug|Any CPU
		{693C3AA6-8502-41CB-8F1D-A5BBE843CABF}.Debug|Any CPU.Build.0 = Debug|Any CPU
		{693C3AA6-8502-41CB-8F1D-A5BBE843CABF}.Release|Any CPU.ActiveCfg = Release|Any CPU
		{693C3AA6-8502-41CB-8F1D-A5BBE843CABF}.Release|Any CPU.Build.0 = Release|Any CPU
	EndGlobalSection
	GlobalSection(SolutionProperties) = preSolution
		HideSolutionNode = FALSE
	EndGlobalSection
	GlobalSection(ExtensibilityGlobals) = postSolution
		SolutionGuid = {279E14BD-F322-41AD-A562-5F76058223C0}
	EndGlobalSection
EndGlobal
