
Microsoft Visual Studio Solution File, Format Version 12.00
# Visual Studio Version 17
VisualStudioVersion = 17.9.34902.65
MinimumVisualStudioVersion = 10.0.40219.1
Project("{FAE04EC0-301F-11D3-BF4B-00C04F79EFBC}") = "Final", "Final\Final.csproj", "{CFC3D232-035E-4F66-BC3B-F23B2910B8BC}"
EndProject
Global
	GlobalSection(SolutionConfigurationPlatforms) = preSolution
		Debug|Any CPU = Debug|Any CPU
		Release|Any CPU = Release|Any CPU
	EndGlobalSection
	GlobalSection(ProjectConfigurationPlatforms) = postSolution
		{CFC3D232-035E-4F66-BC3B-F23B2910B8BC}.Debug|Any CPU.ActiveCfg = Debug|Any CPU
		{CFC3D232-035E-4F66-BC3B-F23B2910B8BC}.Debug|Any CPU.Build.0 = Debug|Any CPU
		{CFC3D232-035E-4F66-BC3B-F23B2910B8BC}.Release|Any CPU.ActiveCfg = Release|Any CPU
		{CFC3D232-035E-4F66-BC3B-F23B2910B8BC}.Release|Any CPU.Build.0 = Release|Any CPU
	EndGlobalSection
	GlobalSection(SolutionProperties) = preSolution
		HideSolutionNode = FALSE
	EndGlobalSection
	GlobalSection(ExtensibilityGlobals) = postSolution
		SolutionGuid = {DD65E470-F905-4060-BC5E-440BD0EC53D6}
	EndGlobalSection
EndGlobal
