
Microsoft Visual Studio Solution File, Format Version 12.00
# Visual Studio Version 17
VisualStudioVersion = 17.9.34902.65
MinimumVisualStudioVersion = 10.0.40219.1
Project("{FAE04EC0-301F-11D3-BF4B-00C04F79EFBC}") = "Authentetication123", "Authentetication123\Authentetication123.csproj", "{3C2217C1-4176-4003-B4CE-F3A7DAB4FF27}"
EndProject
Global
	GlobalSection(SolutionConfigurationPlatforms) = preSolution
		Debug|Any CPU = Debug|Any CPU
		Release|Any CPU = Release|Any CPU
	EndGlobalSection
	GlobalSection(ProjectConfigurationPlatforms) = postSolution
		{3C2217C1-4176-4003-B4CE-F3A7DAB4FF27}.Debug|Any CPU.ActiveCfg = Debug|Any CPU
		{3C2217C1-4176-4003-B4CE-F3A7DAB4FF27}.Debug|Any CPU.Build.0 = Debug|Any CPU
		{3C2217C1-4176-4003-B4CE-F3A7DAB4FF27}.Release|Any CPU.ActiveCfg = Release|Any CPU
		{3C2217C1-4176-4003-B4CE-F3A7DAB4FF27}.Release|Any CPU.Build.0 = Release|Any CPU
	EndGlobalSection
	GlobalSection(SolutionProperties) = preSolution
		HideSolutionNode = FALSE
	EndGlobalSection
	GlobalSection(ExtensibilityGlobals) = postSolution
		SolutionGuid = {E51F8B37-989B-4464-99DF-F5B590E0B338}
	EndGlobalSection
EndGlobal
