
Microsoft Visual Studio Solution File, Format Version 12.00
# Visual Studio Version 17
VisualStudioVersion = 17.9.34902.65
MinimumVisualStudioVersion = 10.0.40219.1
Project("{FAE04EC0-301F-11D3-BF4B-00C04F79EFBC}") = "FileUploadOneToMany", "FileUploadOneToMany\FileUploadOneToMany.csproj", "{5D0739A9-BD36-4854-A19A-E61D10187630}"
EndProject
Global
	GlobalSection(SolutionConfigurationPlatforms) = preSolution
		Debug|Any CPU = Debug|Any CPU
		Release|Any CPU = Release|Any CPU
	EndGlobalSection
	GlobalSection(ProjectConfigurationPlatforms) = postSolution
		{5D0739A9-BD36-4854-A19A-E61D10187630}.Debug|Any CPU.ActiveCfg = Debug|Any CPU
		{5D0739A9-BD36-4854-A19A-E61D10187630}.Debug|Any CPU.Build.0 = Debug|Any CPU
		{5D0739A9-BD36-4854-A19A-E61D10187630}.Release|Any CPU.ActiveCfg = Release|Any CPU
		{5D0739A9-BD36-4854-A19A-E61D10187630}.Release|Any CPU.Build.0 = Release|Any CPU
	EndGlobalSection
	GlobalSection(SolutionProperties) = preSolution
		HideSolutionNode = FALSE
	EndGlobalSection
	GlobalSection(ExtensibilityGlobals) = postSolution
		SolutionGuid = {D4942169-8400-43FB-961A-DC8F816BD024}
	EndGlobalSection
EndGlobal
