
Microsoft Visual Studio Solution File, Format Version 12.00
# Visual Studio Version 17
VisualStudioVersion = 17.8.34511.84
MinimumVisualStudioVersion = 10.0.40219.1
Project("{FAE04EC0-301F-11D3-BF4B-00C04F79EFBC}") = "bookManageStore", "bookManageStore\bookManageStore.csproj", "{01118191-AEFB-418D-B55E-930C427A5B47}"
EndProject
Global
	GlobalSection(SolutionConfigurationPlatforms) = preSolution
		Debug|Any CPU = Debug|Any CPU
		Release|Any CPU = Release|Any CPU
	EndGlobalSection
	GlobalSection(ProjectConfigurationPlatforms) = postSolution
		{01118191-AEFB-418D-B55E-930C427A5B47}.Debug|Any CPU.ActiveCfg = Debug|Any CPU
		{01118191-AEFB-418D-B55E-930C427A5B47}.Debug|Any CPU.Build.0 = Debug|Any CPU
		{01118191-AEFB-418D-B55E-930C427A5B47}.Release|Any CPU.ActiveCfg = Release|Any CPU
		{01118191-AEFB-418D-B55E-930C427A5B47}.Release|Any CPU.Build.0 = Release|Any CPU
	EndGlobalSection
	GlobalSection(SolutionProperties) = preSolution
		HideSolutionNode = FALSE
	EndGlobalSection
	GlobalSection(ExtensibilityGlobals) = postSolution
		SolutionGuid = {378F2580-996D-4B2C-B1ED-6F3A5EBFEF11}
	EndGlobalSection
EndGlobal
