
Microsoft Visual Studio Solution File, Format Version 12.00
# Visual Studio Version 17
VisualStudioVersion = 17.9.34902.65
MinimumVisualStudioVersion = 10.0.40219.1
Project("{FAE04EC0-301F-11D3-BF4B-00C04F79EFBC}") = "Authentication", "Authentication\Authentication.csproj", "{378F8D29-D6B2-4B28-843D-A6015DBB6D94}"
EndProject
Global
	GlobalSection(SolutionConfigurationPlatforms) = preSolution
		Debug|Any CPU = Debug|Any CPU
		Release|Any CPU = Release|Any CPU
	EndGlobalSection
	GlobalSection(ProjectConfigurationPlatforms) = postSolution
		{378F8D29-D6B2-4B28-843D-A6015DBB6D94}.Debug|Any CPU.ActiveCfg = Debug|Any CPU
		{378F8D29-D6B2-4B28-843D-A6015DBB6D94}.Debug|Any CPU.Build.0 = Debug|Any CPU
		{378F8D29-D6B2-4B28-843D-A6015DBB6D94}.Release|Any CPU.ActiveCfg = Release|Any CPU
		{378F8D29-D6B2-4B28-843D-A6015DBB6D94}.Release|Any CPU.Build.0 = Release|Any CPU
	EndGlobalSection
	GlobalSection(SolutionProperties) = preSolution
		HideSolutionNode = FALSE
	EndGlobalSection
	GlobalSection(ExtensibilityGlobals) = postSolution
		SolutionGuid = {A8FBA5A5-7E25-4736-83CD-46FCAD6C1534}
	EndGlobalSection
EndGlobal
